
Microsoft Visual Studio Solution File, Format Version 12.00
# Visual Studio Version 17
VisualStudioVersion = 17.14.37314.3 d17.14
MinimumVisualStudioVersion = 10.0.40219.1
Project("{FAE04EC0-301F-11D3-BF4B-00C04F79EFBC}") = "SometimesNothingHappens", "SometimesNothingHappens.csproj", "{47AD537F-4892-94DE-230F-62DC84559BDD}"
EndProject
Global
	GlobalSection(SolutionConfigurationPlatforms) = preSolution
		Debug|Any CPU = Debug|Any CPU
		Release|Any CPU = Release|Any CPU
	EndGlobalSection
	GlobalSection(ProjectConfigurationPlatforms) = postSolution
		{47AD537F-4892-94DE-230F-62DC84559BDD}.Debug|Any CPU.ActiveCfg = Debug|Any CPU
		{47AD537F-4892-94DE-230F-62DC84559BDD}.Debug|Any CPU.Build.0 = Debug|Any CPU
		{47AD537F-4892-94DE-230F-62DC84559BDD}.Release|Any CPU.ActiveCfg = Release|Any CPU
		{47AD537F-4892-94DE-230F-62DC84559BDD}.Release|Any CPU.Build.0 = Release|Any CPU
	EndGlobalSection
	GlobalSection(SolutionProperties) = preSolution
		HideSolutionNode = FALSE
	EndGlobalSection
	GlobalSection(ExtensibilityGlobals) = postSolution
		SolutionGuid = {90C214BA-09EC-4308-BEDB-47CCAB0B14B4}
	EndGlobalSection
EndGlobal
